{
  "version": 4,
  "terraform_version": "1.1.9",
  "serial": 11,
  "lineage": "209dc506-c456-5669-6ac8-0f0c21dd60d0",
  "outputs": {},
  "resources": [
    {
      "mode": "managed",
      "type": "azurerm_frontdoor",
      "name": "training",
      "provider": "provider[\"registry.terraform.io/hashicorp/azurerm\"]",
      "instances": [
        {
          "schema_version": 2,
          "attributes": {
            "backend_pool": [
              {
                "backend": [
                  {
                    "address": "kamilmnesttfstorage.z6.web.core.windows.net",
                    "enabled": true,
                    "host_header": "kamilmnesttfstorage.z6.web.core.windows.net",
                    "http_port": 80,
                    "https_port": 443,
                    "priority": 1,
                    "weight": 50
                  }
                ],
                "health_probe_name": "healthProbe",
                "id": "/subscriptions/58ac7037-efcc-4fb6-800d-da6ca2ee6aed/resourceGroups/nestbank-tf-rg/providers/Microsoft.Network/frontDoors/kamilm-nest-afd/backendPools/static-backend",
                "load_balancing_name": "loadBalancing",
                "name": "static-backend"
              }
            ],
            "backend_pool_health_probe": [
              {
                "enabled": true,
                "id": "/subscriptions/58ac7037-efcc-4fb6-800d-da6ca2ee6aed/resourceGroups/nestbank-tf-rg/providers/Microsoft.Network/frontDoors/kamilm-nest-afd/healthProbeSettings/healthProbe",
                "interval_in_seconds": 120,
                "name": "healthProbe",
                "path": "/",
                "probe_method": "GET",
                "protocol": "Http"
              }
            ],
            "backend_pool_health_probes": {
              "healthProbe": "/subscriptions/58ac7037-efcc-4fb6-800d-da6ca2ee6aed/resourceGroups/nestbank-tf-rg/providers/Microsoft.Network/frontDoors/kamilm-nest-afd/healthProbeSettings/healthProbe"
            },
            "backend_pool_load_balancing": [
              {
                "additional_latency_milliseconds": 0,
                "id": "/subscriptions/58ac7037-efcc-4fb6-800d-da6ca2ee6aed/resourceGroups/nestbank-tf-rg/providers/Microsoft.Network/frontDoors/kamilm-nest-afd/loadBalancingSettings/loadBalancing",
                "name": "loadBalancing",
                "sample_size": 4,
                "successful_samples_required": 2
              }
            ],
            "backend_pool_load_balancing_settings": {
              "loadBalancing": "/subscriptions/58ac7037-efcc-4fb6-800d-da6ca2ee6aed/resourceGroups/nestbank-tf-rg/providers/Microsoft.Network/frontDoors/kamilm-nest-afd/loadBalancingSettings/loadBalancing"
            },
            "backend_pool_settings": [
              {
                "backend_pools_send_receive_timeout_seconds": 0,
                "enforce_backend_pools_certificate_name_check": false
              }
            ],
            "backend_pools": {
              "static-backend": "/subscriptions/58ac7037-efcc-4fb6-800d-da6ca2ee6aed/resourceGroups/nestbank-tf-rg/providers/Microsoft.Network/frontDoors/kamilm-nest-afd/backendPools/static-backend"
            },
            "cname": "kamilm-nest-afd.azurefd.net",
            "explicit_resource_order": [
              {
                "backend_pool_health_probe_ids": [
                  "/subscriptions/58ac7037-efcc-4fb6-800d-da6ca2ee6aed/resourceGroups/nestbank-tf-rg/providers/Microsoft.Network/frontDoors/kamilm-nest-afd/healthProbeSettings/healthProbe"
                ],
                "backend_pool_ids": [
                  "/subscriptions/58ac7037-efcc-4fb6-800d-da6ca2ee6aed/resourceGroups/nestbank-tf-rg/providers/Microsoft.Network/frontDoors/kamilm-nest-afd/backendPools/static-backend"
                ],
                "backend_pool_load_balancing_ids": [
                  "/subscriptions/58ac7037-efcc-4fb6-800d-da6ca2ee6aed/resourceGroups/nestbank-tf-rg/providers/Microsoft.Network/frontDoors/kamilm-nest-afd/loadBalancingSettings/loadBalancing"
                ],
                "frontend_endpoint_ids": [
                  "/subscriptions/58ac7037-efcc-4fb6-800d-da6ca2ee6aed/resourceGroups/nestbank-tf-rg/providers/Microsoft.Network/frontDoors/kamilm-nest-afd/frontendEndpoints/frontend"
                ],
                "routing_rule_ids": [
                  "/subscriptions/58ac7037-efcc-4fb6-800d-da6ca2ee6aed/resourceGroups/nestbank-tf-rg/providers/Microsoft.Network/frontDoors/kamilm-nest-afd/routingRules/routingRule"
                ]
              }
            ],
            "friendly_name": "",
            "frontend_endpoint": [
              {
                "host_name": "kamilm-nest-afd.azurefd.net",
                "id": "/subscriptions/58ac7037-efcc-4fb6-800d-da6ca2ee6aed/resourceGroups/nestbank-tf-rg/providers/Microsoft.Network/frontDoors/kamilm-nest-afd/frontendEndpoints/frontend",
                "name": "frontend",
                "session_affinity_enabled": false,
                "session_affinity_ttl_seconds": 0,
                "web_application_firewall_policy_link_id": ""
              }
            ],
            "frontend_endpoints": {
              "frontend": "/subscriptions/58ac7037-efcc-4fb6-800d-da6ca2ee6aed/resourceGroups/nestbank-tf-rg/providers/Microsoft.Network/frontDoors/kamilm-nest-afd/frontendEndpoints/frontend"
            },
            "header_frontdoor_id": "a72a3e6b-330e-4a63-b7ca-accd8bd1214a",
            "id": "/subscriptions/58ac7037-efcc-4fb6-800d-da6ca2ee6aed/resourceGroups/nestbank-tf-rg/providers/Microsoft.Network/frontDoors/kamilm-nest-afd",
            "load_balancer_enabled": true,
            "name": "kamilm-nest-afd",
            "resource_group_name": "nestbank-tf-rg",
            "routing_rule": [
              {
                "accepted_protocols": [
                  "Http",
                  "Https"
                ],
                "enabled": true,
                "forwarding_configuration": [
                  {
                    "backend_pool_name": "static-backend",
                    "cache_duration": "",
                    "cache_enabled": false,
                    "cache_query_parameter_strip_directive": "StripAll",
                    "cache_query_parameters": null,
                    "cache_use_dynamic_compression": false,
                    "custom_forwarding_path": "",
                    "forwarding_protocol": "MatchRequest"
                  }
                ],
                "frontend_endpoints": [
                  "frontend"
                ],
                "id": "/subscriptions/58ac7037-efcc-4fb6-800d-da6ca2ee6aed/resourceGroups/nestbank-tf-rg/providers/Microsoft.Network/frontDoors/kamilm-nest-afd/routingRules/routingRule",
                "name": "routingRule",
                "patterns_to_match": [
                  "/*"
                ],
                "redirect_configuration": []
              }
            ],
            "routing_rules": {
              "routingRule": "/subscriptions/58ac7037-efcc-4fb6-800d-da6ca2ee6aed/resourceGroups/nestbank-tf-rg/providers/Microsoft.Network/frontDoors/kamilm-nest-afd/routingRules/routingRule"
            },
            "tags": null,
            "timeouts": null
          },
          "sensitive_attributes": [],
          "private": "eyJlMmJmYjczMC1lY2FhLTExZTYtOGY4OC0zNDM2M2JjN2M0YzAiOnsiY3JlYXRlIjoyMTYwMDAwMDAwMDAwMCwiZGVsZXRlIjoyMTYwMDAwMDAwMDAwMCwicmVhZCI6MzAwMDAwMDAwMDAwLCJ1cGRhdGUiOjIxNjAwMDAwMDAwMDAwfSwic2NoZW1hX3ZlcnNpb24iOiIyIn0=",
          "dependencies": [
            "azurerm_resource_group.training",
            "azurerm_storage_account.name"
          ]
        }
      ]
    },
    {
      "mode": "managed",
      "type": "azurerm_resource_group",
      "name": "training",
      "provider": "provider[\"registry.terraform.io/hashicorp/azurerm\"]",
      "instances": [
        {
          "schema_version": 0,
          "attributes": {
            "id": "/subscriptions/58ac7037-efcc-4fb6-800d-da6ca2ee6aed/resourceGroups/nestbank-tf-rg",
            "location": "westeurope",
            "name": "nestbank-tf-rg",
            "tags": {},
            "timeouts": null
          },
          "sensitive_attributes": [],
          "private": "eyJlMmJmYjczMC1lY2FhLTExZTYtOGY4OC0zNDM2M2JjN2M0YzAiOnsiY3JlYXRlIjo1NDAwMDAwMDAwMDAwLCJkZWxldGUiOjU0MDAwMDAwMDAwMDAsInJlYWQiOjMwMDAwMDAwMDAwMCwidXBkYXRlIjo1NDAwMDAwMDAwMDAwfX0="
        }
      ]
    },
    {
      "mode": "managed",
      "type": "azurerm_storage_account",
      "name": "name",
      "provider": "provider[\"registry.terraform.io/hashicorp/azurerm\"]",
      "instances": [
        {
          "schema_version": 3,
          "attributes": {
            "access_tier": "Hot",
            "account_kind": "StorageV2",
            "account_replication_type": "LRS",
            "account_tier": "Standard",
            "allow_nested_items_to_be_public": true,
            "azure_files_authentication": [],
            "blob_properties": [
              {
                "change_feed_enabled": false,
                "container_delete_retention_policy": [],
                "cors_rule": [],
                "default_service_version": "",
                "delete_retention_policy": [],
                "last_access_time_enabled": false,
                "versioning_enabled": false
              }
            ],
            "cross_tenant_replication_enabled": true,
            "custom_domain": [],
            "customer_managed_key": [],
            "edge_zone": "",
            "enable_https_traffic_only": true,
            "id": "/subscriptions/58ac7037-efcc-4fb6-800d-da6ca2ee6aed/resourceGroups/nestbank-tf-rg/providers/Microsoft.Storage/storageAccounts/kamilmnesttfstorage",
            "identity": [],
            "infrastructure_encryption_enabled": false,
            "is_hns_enabled": false,
            "large_file_share_enabled": null,
            "location": "westeurope",
            "min_tls_version": "TLS1_2",
            "name": "kamilmnesttfstorage",
            "network_rules": [
              {
                "bypass": [
                  "AzureServices"
                ],
                "default_action": "Allow",
                "ip_rules": [],
                "private_link_access": [],
                "virtual_network_subnet_ids": []
              }
            ],
            "nfsv3_enabled": false,
            "primary_access_key": "vkXCf+NsJGNWS7w0FgPkHBuv35SebpwbQD8z2KWcT2fjP9id8xX+tN/XnxiP0+SReV3efmLUFXX72SxE6JpG+Q==",
            "primary_blob_connection_string": "DefaultEndpointsProtocol=https;BlobEndpoint=https://kamilmnesttfstorage.blob.core.windows.net/;AccountName=kamilmnesttfstorage;AccountKey=vkXCf+NsJGNWS7w0FgPkHBuv35SebpwbQD8z2KWcT2fjP9id8xX+tN/XnxiP0+SReV3efmLUFXX72SxE6JpG+Q==",
            "primary_blob_endpoint": "https://kamilmnesttfstorage.blob.core.windows.net/",
            "primary_blob_host": "kamilmnesttfstorage.blob.core.windows.net",
            "primary_connection_string": "DefaultEndpointsProtocol=https;AccountName=kamilmnesttfstorage;AccountKey=vkXCf+NsJGNWS7w0FgPkHBuv35SebpwbQD8z2KWcT2fjP9id8xX+tN/XnxiP0+SReV3efmLUFXX72SxE6JpG+Q==;EndpointSuffix=core.windows.net",
            "primary_dfs_endpoint": "https://kamilmnesttfstorage.dfs.core.windows.net/",
            "primary_dfs_host": "kamilmnesttfstorage.dfs.core.windows.net",
            "primary_file_endpoint": "https://kamilmnesttfstorage.file.core.windows.net/",
            "primary_file_host": "kamilmnesttfstorage.file.core.windows.net",
            "primary_location": "westeurope",
            "primary_queue_endpoint": "https://kamilmnesttfstorage.queue.core.windows.net/",
            "primary_queue_host": "kamilmnesttfstorage.queue.core.windows.net",
            "primary_table_endpoint": "https://kamilmnesttfstorage.table.core.windows.net/",
            "primary_table_host": "kamilmnesttfstorage.table.core.windows.net",
            "primary_web_endpoint": "https://kamilmnesttfstorage.z6.web.core.windows.net/",
            "primary_web_host": "kamilmnesttfstorage.z6.web.core.windows.net",
            "queue_encryption_key_type": "Service",
            "queue_properties": [
              {
                "cors_rule": [],
                "hour_metrics": [
                  {
                    "enabled": true,
                    "include_apis": true,
                    "retention_policy_days": 7,
                    "version": "1.0"
                  }
                ],
                "logging": [
                  {
                    "delete": false,
                    "read": false,
                    "retention_policy_days": 0,
                    "version": "1.0",
                    "write": false
                  }
                ],
                "minute_metrics": [
                  {
                    "enabled": false,
                    "include_apis": false,
                    "retention_policy_days": 0,
                    "version": "1.0"
                  }
                ]
              }
            ],
            "resource_group_name": "nestbank-tf-rg",
            "routing": [],
            "secondary_access_key": "kANF0JSfcSeLKdP1PyvL0mwVLeOzjyA+mHfagn9tNVzTR1DIA/otEsVOId611OxJENbTRgO4dg7ZrktC+x6MTQ==",
            "secondary_blob_connection_string": "",
            "secondary_blob_endpoint": null,
            "secondary_blob_host": null,
            "secondary_connection_string": "DefaultEndpointsProtocol=https;AccountName=kamilmnesttfstorage;AccountKey=kANF0JSfcSeLKdP1PyvL0mwVLeOzjyA+mHfagn9tNVzTR1DIA/otEsVOId611OxJENbTRgO4dg7ZrktC+x6MTQ==;EndpointSuffix=core.windows.net",
            "secondary_dfs_endpoint": null,
            "secondary_dfs_host": null,
            "secondary_file_endpoint": null,
            "secondary_file_host": null,
            "secondary_location": "",
            "secondary_queue_endpoint": null,
            "secondary_queue_host": null,
            "secondary_table_endpoint": null,
            "secondary_table_host": null,
            "secondary_web_endpoint": null,
            "secondary_web_host": null,
            "share_properties": [
              {
                "cors_rule": [],
                "retention_policy": [
                  {
                    "days": 7
                  }
                ],
                "smb": []
              }
            ],
            "shared_access_key_enabled": true,
            "static_website": [
              {
                "error_404_document": "404.html",
                "index_document": "index.html"
              }
            ],
            "table_encryption_key_type": "Service",
            "tags": {},
            "timeouts": null
          },
          "sensitive_attributes": [],
          "private": "eyJlMmJmYjczMC1lY2FhLTExZTYtOGY4OC0zNDM2M2JjN2M0YzAiOnsiY3JlYXRlIjozNjAwMDAwMDAwMDAwLCJkZWxldGUiOjM2MDAwMDAwMDAwMDAsInJlYWQiOjMwMDAwMDAwMDAwMCwidXBkYXRlIjozNjAwMDAwMDAwMDAwfSwic2NoZW1hX3ZlcnNpb24iOiIzIn0=",
          "dependencies": [
            "azurerm_resource_group.training"
          ]
        }
      ]
    },
    {
      "mode": "managed",
      "type": "azurerm_storage_blob",
      "name": "error404",
      "provider": "provider[\"registry.terraform.io/hashicorp/azurerm\"]",
      "instances": [
        {
          "schema_version": 1,
          "attributes": {
            "access_tier": "Hot",
            "cache_control": "",
            "content_md5": "",
            "content_type": "text/html; charset=utf-8",
            "id": "https://kamilmnesttfstorage.blob.core.windows.net/$web/404.html",
            "metadata": {},
            "name": "404.html",
            "parallelism": 8,
            "size": 0,
            "source": "404.html",
            "source_content": null,
            "source_uri": null,
            "storage_account_name": "kamilmnesttfstorage",
            "storage_container_name": "$web",
            "timeouts": null,
            "type": "Block",
            "url": "https://kamilmnesttfstorage.blob.core.windows.net/$web/404.html"
          },
          "sensitive_attributes": [],
          "private": "eyJlMmJmYjczMC1lY2FhLTExZTYtOGY4OC0zNDM2M2JjN2M0YzAiOnsiY3JlYXRlIjoxODAwMDAwMDAwMDAwLCJkZWxldGUiOjE4MDAwMDAwMDAwMDAsInJlYWQiOjMwMDAwMDAwMDAwMCwidXBkYXRlIjoxODAwMDAwMDAwMDAwfSwic2NoZW1hX3ZlcnNpb24iOiIxIn0=",
          "dependencies": [
            "azurerm_resource_group.training",
            "azurerm_storage_account.name"
          ]
        }
      ]
    },
    {
      "mode": "managed",
      "type": "azurerm_storage_blob",
      "name": "index",
      "provider": "provider[\"registry.terraform.io/hashicorp/azurerm\"]",
      "instances": [
        {
          "schema_version": 1,
          "attributes": {
            "access_tier": "Hot",
            "cache_control": "",
            "content_md5": "",
            "content_type": "text/html; charset=utf-8",
            "id": "https://kamilmnesttfstorage.blob.core.windows.net/$web/index.html",
            "metadata": {},
            "name": "index.html",
            "parallelism": 8,
            "size": 0,
            "source": "index.html",
            "source_content": null,
            "source_uri": null,
            "storage_account_name": "kamilmnesttfstorage",
            "storage_container_name": "$web",
            "timeouts": null,
            "type": "Block",
            "url": "https://kamilmnesttfstorage.blob.core.windows.net/$web/index.html"
          },
          "sensitive_attributes": [],
          "private": "eyJlMmJmYjczMC1lY2FhLTExZTYtOGY4OC0zNDM2M2JjN2M0YzAiOnsiY3JlYXRlIjoxODAwMDAwMDAwMDAwLCJkZWxldGUiOjE4MDAwMDAwMDAwMDAsInJlYWQiOjMwMDAwMDAwMDAwMCwidXBkYXRlIjoxODAwMDAwMDAwMDAwfSwic2NoZW1hX3ZlcnNpb24iOiIxIn0=",
          "dependencies": [
            "azurerm_resource_group.training",
            "azurerm_storage_account.name"
          ]
        }
      ]
    }
  ]
}
