{
  "version": 4,
  "terraform_version": "1.1.9",
  "serial": 37,
  "lineage": "1a092bba-7081-a050-0d14-6b5b673b6ed4",
  "outputs": {},
  "resources": [
    {
      "mode": "managed",
      "type": "azurerm_container_registry",
      "name": "training",
      "provider": "provider[\"registry.terraform.io/hashicorp/azurerm\"]",
      "instances": [
        {
          "schema_version": 2,
          "attributes": {
            "admin_enabled": false,
            "admin_password": "",
            "admin_username": "",
            "anonymous_pull_enabled": false,
            "data_endpoint_enabled": false,
            "encryption": [
              {
                "enabled": false,
                "identity_client_id": "",
                "key_vault_key_id": ""
              }
            ],
            "export_policy_enabled": true,
            "georeplications": [],
            "id": "/subscriptions/58ac7037-efcc-4fb6-800d-da6ca2ee6aed/resourceGroups/nestbank-tf-aks-rg/providers/Microsoft.ContainerRegistry/registries/kamilmnestacr",
            "identity": [],
            "location": "westeurope",
            "login_server": "kamilmnestacr.azurecr.io",
            "name": "kamilmnestacr",
            "network_rule_bypass_option": "AzureServices",
            "network_rule_set": [],
            "public_network_access_enabled": true,
            "quarantine_policy_enabled": false,
            "resource_group_name": "nestbank-tf-aks-rg",
            "retention_policy": [
              {
                "days": 7,
                "enabled": false
              }
            ],
            "sku": "Standard",
            "tags": {},
            "timeouts": null,
            "trust_policy": [
              {
                "enabled": false
              }
            ],
            "zone_redundancy_enabled": false
          },
          "sensitive_attributes": [],
          "private": "eyJlMmJmYjczMC1lY2FhLTExZTYtOGY4OC0zNDM2M2JjN2M0YzAiOnsiY3JlYXRlIjoxODAwMDAwMDAwMDAwLCJkZWxldGUiOjE4MDAwMDAwMDAwMDAsInJlYWQiOjMwMDAwMDAwMDAwMCwidXBkYXRlIjoxODAwMDAwMDAwMDAwfSwic2NoZW1hX3ZlcnNpb24iOiIyIn0=",
          "dependencies": [
            "azurerm_resource_group.training"
          ]
        }
      ]
    },
    {
      "mode": "managed",
      "type": "azurerm_key_vault",
      "name": "training",
      "provider": "provider[\"registry.terraform.io/hashicorp/azurerm\"]",
      "instances": [
        {
          "schema_version": 2,
          "attributes": {
            "access_policy": [
              {
                "application_id": "",
                "certificate_permissions": [],
                "key_permissions": [],
                "object_id": "326fd6c4-7296-4637-9f1d-10876158a6d2",
                "secret_permissions": [
                  "Get",
                  "List",
                  "Set"
                ],
                "storage_permissions": [],
                "tenant_id": "c2d4fe14-0652-4dac-b415-5a65748fd6c9"
              }
            ],
            "contact": [],
            "enable_rbac_authorization": false,
            "enabled_for_deployment": false,
            "enabled_for_disk_encryption": false,
            "enabled_for_template_deployment": false,
            "id": "/subscriptions/58ac7037-efcc-4fb6-800d-da6ca2ee6aed/resourceGroups/nestbank-tf-aks-rg/providers/Microsoft.KeyVault/vaults/kamilmtfnestkv",
            "location": "westeurope",
            "name": "kamilmtfnestkv",
            "network_acls": [
              {
                "bypass": "AzureServices",
                "default_action": "Allow",
                "ip_rules": [],
                "virtual_network_subnet_ids": []
              }
            ],
            "purge_protection_enabled": false,
            "resource_group_name": "nestbank-tf-aks-rg",
            "sku_name": "standard",
            "soft_delete_retention_days": 90,
            "tags": {},
            "tenant_id": "c2d4fe14-0652-4dac-b415-5a65748fd6c9",
            "timeouts": null,
            "vault_uri": "https://kamilmtfnestkv.vault.azure.net/"
          },
          "sensitive_attributes": [],
          "private": "eyJlMmJmYjczMC1lY2FhLTExZTYtOGY4OC0zNDM2M2JjN2M0YzAiOnsiY3JlYXRlIjoxODAwMDAwMDAwMDAwLCJkZWxldGUiOjE4MDAwMDAwMDAwMDAsInJlYWQiOjMwMDAwMDAwMDAwMCwidXBkYXRlIjoxODAwMDAwMDAwMDAwfSwic2NoZW1hX3ZlcnNpb24iOiIyIn0=",
          "dependencies": [
            "azurerm_resource_group.training"
          ]
        }
      ]
    },
    {
      "mode": "managed",
      "type": "azurerm_key_vault_access_policy",
      "name": "policy1",
      "provider": "provider[\"registry.terraform.io/hashicorp/azurerm\"]",
      "instances": [
        {
          "schema_version": 0,
          "attributes": {
            "application_id": null,
            "certificate_permissions": [
              "Get"
            ],
            "id": "/subscriptions/58ac7037-efcc-4fb6-800d-da6ca2ee6aed/resourceGroups/nestbank-tf-aks-rg/providers/Microsoft.KeyVault/vaults/kamilmtfnestkv/objectId/1a27ad12-ede8-4f51-adc7-f90c7e1f43a8",
            "key_permissions": [
              "Get"
            ],
            "key_vault_id": "/subscriptions/58ac7037-efcc-4fb6-800d-da6ca2ee6aed/resourceGroups/nestbank-tf-aks-rg/providers/Microsoft.KeyVault/vaults/kamilmtfnestkv",
            "object_id": "1a27ad12-ede8-4f51-adc7-f90c7e1f43a8",
            "secret_permissions": [
              "Get"
            ],
            "storage_permissions": null,
            "tenant_id": "c2d4fe14-0652-4dac-b415-5a65748fd6c9",
            "timeouts": null
          },
          "sensitive_attributes": [],
          "private": "eyJlMmJmYjczMC1lY2FhLTExZTYtOGY4OC0zNDM2M2JjN2M0YzAiOnsiY3JlYXRlIjoxODAwMDAwMDAwMDAwLCJkZWxldGUiOjE4MDAwMDAwMDAwMDAsInJlYWQiOjMwMDAwMDAwMDAwMCwidXBkYXRlIjoxODAwMDAwMDAwMDAwfX0=",
          "dependencies": [
            "azurerm_key_vault.training",
            "azurerm_kubernetes_cluster.example",
            "azurerm_resource_group.training",
            "azurerm_subnet.vnet"
          ]
        }
      ]
    },
    {
      "mode": "managed",
      "type": "azurerm_key_vault_access_policy",
      "name": "policy2",
      "provider": "provider[\"registry.terraform.io/hashicorp/azurerm\"]",
      "instances": [
        {
          "schema_version": 0,
          "attributes": {
            "application_id": "",
            "certificate_permissions": [],
            "id": "/subscriptions/58ac7037-efcc-4fb6-800d-da6ca2ee6aed/resourceGroups/nestbank-tf-aks-rg/providers/Microsoft.KeyVault/vaults/kamilmtfnestkv/objectId/326fd6c4-7296-4637-9f1d-10876158a6d2",
            "key_permissions": [],
            "key_vault_id": "/subscriptions/58ac7037-efcc-4fb6-800d-da6ca2ee6aed/resourceGroups/nestbank-tf-aks-rg/providers/Microsoft.KeyVault/vaults/kamilmtfnestkv",
            "object_id": "326fd6c4-7296-4637-9f1d-10876158a6d2",
            "secret_permissions": [
              "Get",
              "List",
              "Set"
            ],
            "storage_permissions": [],
            "tenant_id": "c2d4fe14-0652-4dac-b415-5a65748fd6c9",
            "timeouts": null
          },
          "sensitive_attributes": [],
          "private": "eyJlMmJmYjczMC1lY2FhLTExZTYtOGY4OC0zNDM2M2JjN2M0YzAiOnsiY3JlYXRlIjoxODAwMDAwMDAwMDAwLCJkZWxldGUiOjE4MDAwMDAwMDAwMDAsInJlYWQiOjMwMDAwMDAwMDAwMCwidXBkYXRlIjoxODAwMDAwMDAwMDAwfX0=",
          "dependencies": [
            "azurerm_key_vault.training",
            "azurerm_resource_group.training"
          ]
        }
      ]
    },
    {
      "mode": "managed",
      "type": "azurerm_key_vault_access_policy",
      "name": "policy3",
      "provider": "provider[\"registry.terraform.io/hashicorp/azurerm\"]",
      "instances": [
        {
          "schema_version": 0,
          "attributes": {
            "application_id": null,
            "certificate_permissions": null,
            "id": "/subscriptions/58ac7037-efcc-4fb6-800d-da6ca2ee6aed/resourceGroups/nestbank-tf-aks-rg/providers/Microsoft.KeyVault/vaults/kamilmtfnestkv/objectId/52c49ad7-5c6e-426f-821c-a01dd42d8efd",
            "key_permissions": null,
            "key_vault_id": "/subscriptions/58ac7037-efcc-4fb6-800d-da6ca2ee6aed/resourceGroups/nestbank-tf-aks-rg/providers/Microsoft.KeyVault/vaults/kamilmtfnestkv",
            "object_id": "52c49ad7-5c6e-426f-821c-a01dd42d8efd",
            "secret_permissions": [
              "Get",
              "List"
            ],
            "storage_permissions": null,
            "tenant_id": "c2d4fe14-0652-4dac-b415-5a65748fd6c9",
            "timeouts": null
          },
          "sensitive_attributes": [],
          "private": "eyJlMmJmYjczMC1lY2FhLTExZTYtOGY4OC0zNDM2M2JjN2M0YzAiOnsiY3JlYXRlIjoxODAwMDAwMDAwMDAwLCJkZWxldGUiOjE4MDAwMDAwMDAwMDAsInJlYWQiOjMwMDAwMDAwMDAwMCwidXBkYXRlIjoxODAwMDAwMDAwMDAwfX0=",
          "dependencies": [
            "azurerm_key_vault.training",
            "azurerm_kubernetes_cluster.example",
            "azurerm_resource_group.training",
            "azurerm_subnet.vnet",
            "azurerm_user_assigned_identity.identity"
          ]
        }
      ]
    },
    {
      "mode": "managed",
      "type": "azurerm_key_vault_secret",
      "name": "name",
      "provider": "provider[\"registry.terraform.io/hashicorp/azurerm\"]",
      "instances": [
        {
          "schema_version": 0,
          "attributes": {
            "content_type": "",
            "expiration_date": null,
            "id": "https://kamilmtfnestkv.vault.azure.net/secrets/storage-account-connection-string/b6d226d6eb974ce3a274439f2037fd20",
            "key_vault_id": "/subscriptions/58ac7037-efcc-4fb6-800d-da6ca2ee6aed/resourceGroups/nestbank-tf-aks-rg/providers/Microsoft.KeyVault/vaults/kamilmtfnestkv",
            "name": "storage-account-connection-string",
            "not_before_date": null,
            "tags": {},
            "timeouts": null,
            "value": "DefaultEndpointsProtocol=https;AccountName=kamilaksnest;AccountKey=GEnplhqkjJ8TLa7X+jTxl4h4k1dQTUDiPMC6eUk0k5Hy9FHCO5PNvYE6lWjHZQoUyRbDkuhZ0v960mhSAEbbJA==;EndpointSuffix=core.windows.net",
            "version": "b6d226d6eb974ce3a274439f2037fd20",
            "versionless_id": "https://kamilmtfnestkv.vault.azure.net/secrets/storage-account-connection-string"
          },
          "sensitive_attributes": [
            [
              {
                "type": "get_attr",
                "value": "value"
              }
            ]
          ],
          "private": "eyJlMmJmYjczMC1lY2FhLTExZTYtOGY4OC0zNDM2M2JjN2M0YzAiOnsiY3JlYXRlIjoxODAwMDAwMDAwMDAwLCJkZWxldGUiOjE4MDAwMDAwMDAwMDAsInJlYWQiOjMwMDAwMDAwMDAwMCwidXBkYXRlIjoxODAwMDAwMDAwMDAwfX0=",
          "dependencies": [
            "azurerm_key_vault.training",
            "azurerm_key_vault_access_policy.policy2",
            "azurerm_resource_group.training",
            "azurerm_storage_account.name"
          ]
        }
      ]
    },
    {
      "mode": "managed",
      "type": "azurerm_kubernetes_cluster",
      "name": "example",
      "provider": "provider[\"registry.terraform.io/hashicorp/azurerm\"]",
      "instances": [
        {
          "schema_version": 2,
          "attributes": {
            "aci_connector_linux": [],
            "api_server_authorized_ip_ranges": null,
            "auto_scaler_profile": [],
            "automatic_channel_upgrade": "",
            "azure_active_directory_role_based_access_control": [],
            "azure_policy_enabled": false,
            "default_node_pool": [
              {
                "enable_auto_scaling": false,
                "enable_host_encryption": false,
                "enable_node_public_ip": false,
                "fips_enabled": false,
                "kubelet_config": [],
                "kubelet_disk_type": "OS",
                "linux_os_config": [],
                "max_count": 0,
                "max_pods": 30,
                "min_count": 0,
                "name": "default",
                "node_count": 1,
                "node_labels": {},
                "node_public_ip_prefix_id": "",
                "node_taints": null,
                "only_critical_addons_enabled": false,
                "orchestrator_version": "1.22.6",
                "os_disk_size_gb": 128,
                "os_disk_type": "Managed",
                "os_sku": "Ubuntu",
                "pod_subnet_id": "",
                "proximity_placement_group_id": "",
                "tags": null,
                "type": "VirtualMachineScaleSets",
                "ultra_ssd_enabled": false,
                "upgrade_settings": [],
                "vm_size": "Standard_D2_v2",
                "vnet_subnet_id": "/subscriptions/58ac7037-efcc-4fb6-800d-da6ca2ee6aed/resourceGroups/nestbank-tf-aks-rg/providers/Microsoft.Network/virtualNetworks/nest-vnet/subnets/aks",
                "zones": null
              }
            ],
            "disk_encryption_set_id": "",
            "dns_prefix": "kamilmnestaks",
            "dns_prefix_private_cluster": "",
            "enable_pod_security_policy": false,
            "fqdn": "kamilmnestaks-dd10d2ee.hcp.westeurope.azmk8s.io",
            "http_application_routing_enabled": false,
            "http_application_routing_zone_name": "",
            "http_proxy_config": [],
            "id": "/subscriptions/58ac7037-efcc-4fb6-800d-da6ca2ee6aed/resourceGroups/nestbank-tf-aks-rg/providers/Microsoft.ContainerService/managedClusters/kamilm-nest-aks",
            "identity": [
              {
                "identity_ids": null,
                "principal_id": "f879605f-4af0-4fcf-b9b1-7b4a0e467f79",
                "tenant_id": "c2d4fe14-0652-4dac-b415-5a65748fd6c9",
                "type": "SystemAssigned"
              }
            ],
            "ingress_application_gateway": [],
            "key_vault_secrets_provider": [],
            "kube_admin_config": [],
            "kube_admin_config_raw": "",
            "kube_config": [
              {
                "client_certificate": "LS0tLS1CRUdJTiBDRVJUSUZJQ0FURS0tLS0tCk1JSUZIVENDQXdXZ0F3SUJBZ0lRYUg5dWkxaklhVit0UkozMjRLQ1psVEFOQmdrcWhraUc5dzBCQVFzRkFEQU4KTVFzd0NRWURWUVFERXdKallUQWVGdzB5TWpBMU1USXdOVFF4TVRGYUZ3MHlOREExTVRJd05UVXhNVEZhTURBeApGekFWQmdOVkJBb1REbk41YzNSbGJUcHRZWE4wWlhKek1SVXdFd1lEVlFRREV3eHRZWE4wWlhKamJHbGxiblF3CmdnSWlNQTBHQ1NxR1NJYjNEUUVCQVFVQUE0SUNEd0F3Z2dJS0FvSUNBUUN2dE81NzJoemxlc2hNUWZ3czRMUFQKU21rdnNCZW85ZnYxanFPZnFmVDVaSXR4Ymk4SmlDN2FFL29RbHc4ZUV3WC94M0Iyc1JsWHdpSmdVMHA5SEd5eApWOVN0aElBMHNqUmkxYTRKMzVlWXoxVWk5b3QzLy9CS3B4WEJXWUdEMFF0cG1HQTRzMDhVMTJpUktZSzNqMWkrCm5sWE1mNDRJQ1QzeTFkbjBhU1ZVWmtDTzZrUVgrK2Q2S1hLMmtia3hGYk9Kc2V3MXJTQUo3RVF5ZURoYjV5elYKYSs5K1VlT3IydmdsS0ZLelc2UGZ4Q2tIUHU3SVY5OXpDUS94UnBBN3ZlTG52YkNLa090QlMvMkVBd0NDM3RpRApha2svWWxWQk1tQ0hjUHBkR09LNjFEcVdiVUxXbnpUV0g4bVNPSWQvUGRjVVBjTk9DRy9pWFlnOGI5eFRhVzVLCldJVzF5OUVNQUJQQXJOamdaZWJFRzVhNjVocXQ3NGtOaVpTYmFxZ0RTV2ZMcTJWTVRadmZFWjBESDZZdGMvY1YKNHFCK1pwcHF5dnZTakl1UU03Z0FaNWpkYWZmams1cWlDMm1aR2licUFhYjBubHRhZE10eFZpWi9KdFhGeE45cgpFR3A5NVVWTGhTdzlqZ3krOEFPdFVhZkJ5RFdNQUhMMUQ3Zk5xN2xLTGlKY1VFMjBhRVhGbUZ4Wm5VKzU4dEVYCjVrcWFuSkY3STh4ZTdGOHdETUtEKytFNVNSQlF3WEtLeTE2a0tWdnZmQVYzSlJMZTNSVGVFVWFqMENCem5vbEcKekFldU9QcWF6ZzU5S2VMM2JFd040MVpMaCtCaDV4TmVWSlZYQ2xiWTZjOG9MemtUc2RydDAyRkZ4cjY2VmswRAo0MWt6Mk9hbTZtNzU1UlhLWW1hZmZ3SURBUUFCbzFZd1ZEQU9CZ05WSFE4QkFmOEVCQU1DQmFBd0V3WURWUjBsCkJBd3dDZ1lJS3dZQkJRVUhBd0l3REFZRFZSMFRBUUgvQkFJd0FEQWZCZ05WSFNNRUdEQVdnQlNUb3QzRDRDT3YKSHlXUGFBbjRFUjBUYlNZd3Z6QU5CZ2txaGtpRzl3MEJBUXNGQUFPQ0FnRUFKTk9DRjlrL1JDQXlmc1Q2b0NtVgpheExPU1ExeHVMOTA5ei9OQW9FbFQ4MlU1dDhBT09OKzFvN0wzWG5CT1p4Z29vTGRSY0E4bUcyVllYbVpGNGw1Cm1iWWY1VDNVbTFDaE1PcGZ6OFlxR2dqemtYRThRS1hOVlBGMTd1WmdOMzBOT0pmODY1TjVHRmVKbjRzdW43ZVQKTHZRZ3NmNFZUcW1lSml0Sm8xamtxQUxjdnNpK0FMT2ZuZXFVQW5aM3lCUlQwS29oc2tGMHhGSDUrWTNUYU0zNwp0QWRsZmRGa3VQQkJnQnNhVlBnbDk1ejBKS2RQbHhmK3ZQcGFPcHdPek9UZEpMMENncXYxUmRHbElLcWpXOU5NCjAyMTh5RHZ2Kytkb2MzNE0rNXhRdTdaRmM2cnBSUjhRdnQvS1BOc2t3dW5iQmR6S2RhQ0ZaZTFyYW5oNytZYkoKZFl1bnVaWktkbnlLMXhHc21nSlY2SC84NnpEcHJUOHh5Qm4rc0phWUFkbXgxc2VaQTlEbis0T0RSOENhV2tidwptMzNaSU1ZS2l4OUMybDJiT09maEpBUFJzYkFCOWJrRGFlSlg4NmpQeStkRkFUWCtKRW9yTEZvdTVreG1mTWNGCkZHQ0x1YU00dWV0VUVJMHV3dzh6Z0dmWWg3WDFuUUpoVjQrc0lGZTQrcnNRcXBXL3UxSmsyR2MwR3pxVzBMcHIKTUxxNStNTENlZ3NUNmpHMkIrYm03alhIZUxIc3ZtajZPUERuSVdVRW9lOTRQUkplZnlYRUQ1TzZ4WGMrWWRQLwpjMVlIVS9NRTdNSllVK0ZhdDZpMzVoaUY2K3hrZEIzS2Z1VEpMSUJTdFpESG1ObjYreWNlUThxOFFabEdadVBiCnNPcWwzRkJQRFBoelk4SmxSSUVRc21ZPQotLS0tLUVORCBDRVJUSUZJQ0FURS0tLS0tCg==",
                "client_key": "LS0tLS1CRUdJTiBSU0EgUFJJVkFURSBLRVktLS0tLQpNSUlKS1FJQkFBS0NBZ0VBcjdUdWU5b2M1WHJJVEVIOExPQ3owMHBwTDdBWHFQWDc5WTZqbjZuMCtXU0xjVzR2CkNZZ3UyaFA2RUpjUEhoTUYvOGR3ZHJFWlY4SWlZRk5LZlJ4c3NWZlVyWVNBTkxJMFl0V3VDZCtYbU05Vkl2YUwKZC8vd1NxY1Z3Vm1CZzlFTGFaaGdPTE5QRk5kb2tTbUN0NDlZdnA1VnpIK09DQWs5OHRYWjlHa2xWR1pBanVwRQpGL3ZuZWlseXRwRzVNUld6aWJIc05hMGdDZXhFTW5nNFcrY3MxV3Z2ZmxIanE5cjRKU2hTczF1ajM4UXBCejd1CnlGZmZjd2tQOFVhUU83M2k1NzJ3aXBEclFVdjloQU1BZ3Q3WWcycEpQMkpWUVRKZ2gzRDZYUmppdXRRNmxtMUMKMXA4MDFoL0pramlIZnozWEZEM0RUZ2h2NGwySVBHL2NVMmx1U2xpRnRjdlJEQUFUd0t6WTRHWG14QnVXdXVZYQpyZStKRFltVW0ycW9BMGxueTZ0bFRFMmIzeEdkQXgrbUxYUDNGZUtnZm1hYWFzcjcwb3lMa0RPNEFHZVkzV24zCjQ1T2FvZ3RwbVJvbTZnR205SjViV25UTGNWWW1meWJWeGNUZmF4QnFmZVZGUzRVc1BZNE12dkFEclZHbndjZzEKakFCeTlRKzN6YXU1U2k0aVhGQk50R2hGeFpoY1daMVB1ZkxSRitaS21weVJleVBNWHV4Zk1BekNnL3ZoT1VrUQpVTUZ5aXN0ZXBDbGI3M3dGZHlVUzN0MFUzaEZHbzlBZ2M1NkpSc3dIcmpqNm1zNE9mU25pOTJ4TURlTldTNGZnClllY1RYbFNWVndwVzJPblBLQzg1RTdIYTdkTmhSY2ErdWxaTkErTlpNOWptcHVwdStlVVZ5bUptbjM4Q0F3RUEKQVFLQ0FnQkhudjdmS1VkQ0cweHVHUytMczRSWmlpbGFNUE5VQWdEVVZYSkk4T1JVakRGeTZURHZONzJ4VXhkSgpqK212bnAyQlozQm1VVVk5U1hydHZNWE9QYm5vaUI2L0pCV0daV1dKTEFTbkxhY0R1Ty9CTXJJakZnYUN4NXpNCmxZbC9pOFNWSkhHRWEwSy9BaGN6cExJTjFMYWQ3TGlZaFI0R0ZJNVYzK25hQU1vZ254V05xOXhaMG1yR2x3S1YKZk16NlB4aFI5bDZNZXFkbXBCSWdhSFRBc1hqSy9oWS9iVzNhYllWYzBCVDEyMUx2TVd4djhhMHZxUElDV0IxUgpnaXZremtBaHFtYTk5TmlRWTBOUmZrL0ZDTVZFdkJ4alk5ZlFuWkpQWXpRS29zdzR6NjJhQjZ1SkJKaHE5OFlZCmZrWnREVzRRYUNTbU9EWXpGV0VsRVl2RHpHUVI2UDcyWDYzcCszRUdNWHQrSENzS25jZFhUSTFhck4wRkxVamwKRzVZR0IzdFAxczhxV1Zobm8rRkxCQzZDak5NU2JqOS83MnB6Q2NWdUJLK1R2bnJyRFlZVGpDMSs5aHY4TFowOQp5c2xXdHVxTWk3bXVmdWh2SlkvS2l6UzVDclNTUkh5eGdqL1dhRDZqRHBzQ0FqbnJXWmUvOFRXTWpyS0hIWUQrCnJIOE96WmlkSmgxZTdMSHdjTFpzVS9aRzZGN3c3OTRkM2tzcDl4SDJ0NzN0UDl3aGluMUM5NHloSWFNT0NJUmUKdldqOVNmY3d0SXo1bnJLRzd4SnV6ZkpXdm4rL2ZZbjNkL0t6dEJlbG9rUFFYd2duUTlUWk14TXJlK0JkSE9JZgpNUHRxc0tDQWpPaXlIbGlmd2s4TEJtY1FiQ3NzVzlEc0ROcmVRd0NwcXlmcEJ4UGs0UUtDQVFFQXpBTy9sS0Y4CmdHcTVKWDNjQ0ZRanBaN3IvUVlBQzJieTBueTVicy84UHhYMDZDcjIxMU12dWN1OG1jNHhTLzRuZ1dHMS9PNWoKd05HTDBuWDc1c05OWmxBc01WOHNBUHJsaXFKMnlWWE1vWmF6ZEJYVXRLd0J3alJvMU03MGplSk1sNm5TUjYwNQp6SmNEWndVc2hIRUg4WUVzS0xFc3dTSC9FeXlUK1FKRHZJL0NzRm5WRVZGT3NtaGhRNHhzb2VUS0xJODdsK2MzCmlUbVNDbSt1RExFVHNKTUZiekZENmgwUUtkZm43Vk10TjdjUDJOTWM1bG4xR3k2ckE3L09WVFB0dU15ZXlDSDgKWWM1amhTYU5KSm9DdWovWk5rSXZab09KdHBQSkNIWEhrcUxkSjFWTktzZnFCeEZtZXByMStXWXRVc0xuRDN3ZwozVWRReHhLYXI3bnNDUUtDQVFFQTNIcWJxMWtZc2VkaFBXV2pqN2dXdWVsc1pmcXRyYURLaFpZOWhCQ1hDZ0FMCmhvQWJKM3hBU3VqcTd3TVFKeE5BMGJzbUx1TGdUWnNSOFZNVUxPeFVBNkZycFdrMmZtQW85NWZsUlpNakFmSkkKdTZtYTUzRkdLUWRoTEZXTWVNNzFRVE5OV1NpWDlYR3VVeUUvbklFWUVjb213Z1ZOeU9YL1VlMWZad2Z6WGdLQQp6RUpubHdtbXNTUjRJR1N3dmpWOFovV3lIalFWaTdPSnNJQVdJdHc5V0ZTbHhCQjBHdHFYQlJiM1p1aytSOTNWCjFKNDVvNm5SUnFlQnovTmF4NzlhNXhpK1diRW8wQkt5MW9qVldpK0ZPcERqWEVvMDQwNXlKazE5VjI0bTB6MzkKdlhUUVZLUTNIWnM5UVI1UTVTejdCelpXVUgwNERBMjQvUWdtQjJFaFJ3S0NBUUVBc1JBRHd3eVFrS2VQZnZHSAorUmFGUmFYekxNdDdXR29HRHhhK25XVVhpTzBXZkRWbHZLWHZBdkxIQWpvSllPbjVBWHA3UjBUakFLTWRGaERlCkNuNndlejdUekJuTWlDRTQvU1Jac2cyc0p3WXpRMm43REw5SVczTy9GQXQyQm5wRWZWQ2ZOeVFweU4yN3p6cVgKVTI4Q05PRW1JVDc4RjdiWXVaeHo1S2JKZ1NySUR1UTRYdXBSUWRnRHFtdUNrTk9QZ0RManhzZWUxSk5KbzVNZgozTllHdjdZcC9rSWtybGlCQWIvb0EzcXdBTzM1YS9aMTI1cHhkeUQrdmFkSGZYMHZNYmN0aTRhcmszdGJ0bUVxCkdIMHVKdFZwUUlVYXZIOG5FM1dhQWFTdkRCNGJrSnFnK2FNK0F0cGdOY0t0L3NGbVRyRG5kdklGVitjZ1BWWngKT0ZoRmVRS0NBUUVBbW9pNWVaVWVVUHViVlh4YTh3NFZwOE1yUGlOQS9uUzMzb0FhcCtrMDVFWjV6WkVXOTBzSQppVGpPQ2k2OGNKYjNGTW0zRHAvb2xaeCtMQWFPR3BxZW5GalU2WUJnT0ozUHVSTFhHVGZ6RHBjeVVZNmtTMXBDCjBka2hUQUMrVDZMSGxpYU9MVkxkaDZSaGlsVEFrRUtQaTFDRWIvTmx2TTB3Y3MwTTFGdG5RZHBCU21tMHo5RnMKNjdaakdGbGE1RWI2NXFiNGJHRVhSTzdYTUVYbXZoSmVVUDRybmN2bWhUZjNLQk1iM3g3V2oycTJTS3VLUE9OMwpFcTJ2dUFDYS9XeHJHNVZsUGRxRmY2bkxmY0Uwd1Z5VFppUk5wODgvV0o4UU5UYVZCdVhuQXFMdHFaQXB3Vm5FClk5VCtUeGtmbkRJMTFLMUtQR280RVlMQXlXR2Z2Z1pmV3dLQ0FRQWk3aVNkWFh3Qi90S3VUUXpXTlNWaStmM20KbnpIR2ZFUXFKZTllaTE4a3pSVjdRR1ZscTZqdEcxNy96Z3AvUHZZdElnem16eHIxYnFqVkZ4eldmSWJJZEh3Zgp5YUR2djZjcGh5Vnl2STgzRUw1WDBhZ3FCN0I4elFOdFM1c2JqaDlMZWNmTk5IeWlSWkF1YzdVYUIzUnhVRFVpCm1kSHQ1K1NQdjBjMVhURjI0MDNEd2ZjbUZubjlUV2JuUmo0ZFNSWlUvTnltRFhMa3JEaDJhNWExcVlNQnNGc3gKZ1dMK0xNdDBkekhqb1F5dElzUkxEQzFzV2VRQ2tUSU5xQng5c0V2WlcyTDBFcFNEbFA1N0YydHp6bmkyTWh4aQpid2U4ZlJwMTlNcHBOV0IwWVFuYXNXMXUzZktBUVM1dkJUeXc3ZlJnQWVPalg0OVFab015RjBJRXhvc0kKLS0tLS1FTkQgUlNBIFBSSVZBVEUgS0VZLS0tLS0K",
                "cluster_ca_certificate": "LS0tLS1CRUdJTiBDRVJUSUZJQ0FURS0tLS0tCk1JSUU2RENDQXRDZ0F3SUJBZ0lRY2pvR1djZDczb0tFbmFCRGdYREJCakFOQmdrcWhraUc5dzBCQVFzRkFEQU4KTVFzd0NRWURWUVFERXdKallUQWdGdzB5TWpBMU1USXdOVFF4TVRGYUdBOHlNRFV5TURVeE1qQTFOVEV4TVZvdwpEVEVMTUFrR0ExVUVBeE1DWTJFd2dnSWlNQTBHQ1NxR1NJYjNEUUVCQVFVQUE0SUNEd0F3Z2dJS0FvSUNBUURVCkdSMHo0SXZpRzIwaEpyenRnRHdXN1B3em1GTURmK29yc2llejdQeVVqZ2xlR2N6L0FjVHljcTRFbnZzd3Exei8Kc3BYcmMyY21MZERpQmpiYzl4UXVVbTZjT0xEVmVVR0phN2xWdXUxcWcyL0dGcmRhRm1UU0NRdzBpVWhzNUw0MApsOUdxM0s5eDczRktkaGRsZnZnZ2ZFUmZxdE5IazVWTGRRdy9zZStLL3A0R2c3QTRqbTQ5OUdUTm5QRmZRb2kvCkhmY2tJaTJSTGtvaG5aNnlLNEJXZGhjRFIwZUhoTkdjd0FEN1VrRXA2OE9Tai8zK0ZRT2pLOVdQQVYzRHV2dnUKclhOaHNHOEs1cDlWWVByTWRPOTQxUm0rWjltUzFPcTc5UFdPQ0Y3di8xcjdVZnh3N3o0YzlzYUVFazFJbzhFdwpaL0NzV3VrSDVqclJDV3RSaUJhNHorZFhCbmxPSm9xcnhQTC9Hd3g2YmVNTFdZR294RVFSUVljNytDQ0pkUFJHCmZLSmwwNzNhMFdOSlBFeXJYVHdyUnFFcTFwK29qTVI4dkVQWHFMSEYrZm50Rm5MMThTUEpaSVc3VlJwcGlRSHcKRGE4M2dzOEhMZm5MT2N1SXRCU0xuR0hsNytYMjh4SWovb3doNGxYT0M0YjJ4aTBCN3pIbTd6MS90Tnp4b1hiKwpkc3MwSjlseGo4N2ZZaGVSQ1ZTb1lSVS9jdUlhVWYxUG5XM3hIVFRlMTNaY0o2dXFNUFQ4bkVkSTlmekJLUFRiCnBmSlB3dVlaZHN4T0YyWW1kZ1YwVGd0RWV0NVE0d0VJUXVSSUtZK2R5WkpmNWMwL3MwWW42UzlwNmlFTjVubGoKUzVXYjlYRitEdlVCNWtrMTZLWmlnOGVQS3Rlc2Q3NjIveXRFRTJtQll3SURBUUFCbzBJd1FEQU9CZ05WSFE4QgpBZjhFQkFNQ0FxUXdEd1lEVlIwVEFRSC9CQVV3QXdFQi96QWRCZ05WSFE0RUZnUVVrNkxkdytBanJ4OGxqMmdKCitCRWRFMjBtTUw4d0RRWUpLb1pJaHZjTkFRRUxCUUFEZ2dJQkFKckNldXhGamNPcXkvTWlOY0c2NFU2RDI2QjIKMDFDV2JhME1DRXRqeFIwUSsrTG9OYzJrRUNLREpvYnBuSWtRKzROVVBldGFtVG5kbVg4TzZxZmZuVFlheHlEUgpxcHNxdmYyRXhoWmc4OUU0NFNNUjlaSHlHVmFTOWxtM1Z1bVVBMFpxOHd3NWhGQ05ZcksrM0F1K2hueHZ5SVNVCmpjZ1k5K0c1cXB6ZHBuK2pGZUkvK0lWaHB3NTVMdGdTUXUxVG5tK2w2YVFVTXFoUTNEeEVXOG82UnpYREpaYjIKcittYlorUVBmOUhFNnZTK3k5SHZtSEJlbFAzTWhBZmo0b0xwK0NkMUVBVlBzU3FjTVRzc3BUZ04yR00rU29icgo0ajBhSjdXYWFUWXlUdXVHSkl5OENad0laUVIwSDZSZ09hNWtUZWd6dHpzUWcwUjdnYTE2MTk5c0J1WThQVkYvCjltaDlRN2hxbnJtdjZZc2hFRklxVUNXK0FjaEV3R3BGUXQwTksvSSs4U2s2MXlPY2JwMkdhTkJDUmVlS3QrY2wKV1JLemFDRkRYNDViSVFlKzJja3RydThZc1ZmTWVDbER1YWt1cTFZQVZUL01OWERkRE5zQ01FMWFEdzZWclliUgoweXNPSzRQQVcxQkZtMDZPVlozaFB2VXh0eVJHUi9SaHVLOVFhb3IvckljQ0pWWENMQWVUN0ptdExZUm1XczZpCnZkTjhnQlRvaUJoWDdTdEZVWkpJYzV6dW1jQ3BMK1JRcG9xb1BpbzdxWWVQZ2NGeDdrVlNpNDBQbGZ5OTZzcC8KKzZ5TFFXemFvT05PQWFUZmh5aVg2bGZJSnNQVUtnbkQyZm0yWVFwc0JvcEIvNG50K3cxUDRkRnR0SnN0aS9xWQptNWE4QUExN0F6eWxPY2pHCi0tLS0tRU5EIENFUlRJRklDQVRFLS0tLS0K",
                "host": "https://kamilmnestaks-dd10d2ee.hcp.westeurope.azmk8s.io:443",
                "password": "08b725995802d90ac2cad5aba5a5e439e399313902eb09c0e8561b81ca0d8f3ec3da2a262696350f2435f9a383fa490c6f7ccfbd81e8748c97723c0ab76a93f5",
                "username": "clusterUser_nestbank-tf-aks-rg_kamilm-nest-aks"
              }
            ],
            "kube_config_raw": "apiVersion: v1\nclusters:\n- cluster:\n    certificate-authority-data: LS0tLS1CRUdJTiBDRVJUSUZJQ0FURS0tLS0tCk1JSUU2RENDQXRDZ0F3SUJBZ0lRY2pvR1djZDczb0tFbmFCRGdYREJCakFOQmdrcWhraUc5dzBCQVFzRkFEQU4KTVFzd0NRWURWUVFERXdKallUQWdGdzB5TWpBMU1USXdOVFF4TVRGYUdBOHlNRFV5TURVeE1qQTFOVEV4TVZvdwpEVEVMTUFrR0ExVUVBeE1DWTJFd2dnSWlNQTBHQ1NxR1NJYjNEUUVCQVFVQUE0SUNEd0F3Z2dJS0FvSUNBUURVCkdSMHo0SXZpRzIwaEpyenRnRHdXN1B3em1GTURmK29yc2llejdQeVVqZ2xlR2N6L0FjVHljcTRFbnZzd3Exei8Kc3BYcmMyY21MZERpQmpiYzl4UXVVbTZjT0xEVmVVR0phN2xWdXUxcWcyL0dGcmRhRm1UU0NRdzBpVWhzNUw0MApsOUdxM0s5eDczRktkaGRsZnZnZ2ZFUmZxdE5IazVWTGRRdy9zZStLL3A0R2c3QTRqbTQ5OUdUTm5QRmZRb2kvCkhmY2tJaTJSTGtvaG5aNnlLNEJXZGhjRFIwZUhoTkdjd0FEN1VrRXA2OE9Tai8zK0ZRT2pLOVdQQVYzRHV2dnUKclhOaHNHOEs1cDlWWVByTWRPOTQxUm0rWjltUzFPcTc5UFdPQ0Y3di8xcjdVZnh3N3o0YzlzYUVFazFJbzhFdwpaL0NzV3VrSDVqclJDV3RSaUJhNHorZFhCbmxPSm9xcnhQTC9Hd3g2YmVNTFdZR294RVFSUVljNytDQ0pkUFJHCmZLSmwwNzNhMFdOSlBFeXJYVHdyUnFFcTFwK29qTVI4dkVQWHFMSEYrZm50Rm5MMThTUEpaSVc3VlJwcGlRSHcKRGE4M2dzOEhMZm5MT2N1SXRCU0xuR0hsNytYMjh4SWovb3doNGxYT0M0YjJ4aTBCN3pIbTd6MS90Tnp4b1hiKwpkc3MwSjlseGo4N2ZZaGVSQ1ZTb1lSVS9jdUlhVWYxUG5XM3hIVFRlMTNaY0o2dXFNUFQ4bkVkSTlmekJLUFRiCnBmSlB3dVlaZHN4T0YyWW1kZ1YwVGd0RWV0NVE0d0VJUXVSSUtZK2R5WkpmNWMwL3MwWW42UzlwNmlFTjVubGoKUzVXYjlYRitEdlVCNWtrMTZLWmlnOGVQS3Rlc2Q3NjIveXRFRTJtQll3SURBUUFCbzBJd1FEQU9CZ05WSFE4QgpBZjhFQkFNQ0FxUXdEd1lEVlIwVEFRSC9CQVV3QXdFQi96QWRCZ05WSFE0RUZnUVVrNkxkdytBanJ4OGxqMmdKCitCRWRFMjBtTUw4d0RRWUpLb1pJaHZjTkFRRUxCUUFEZ2dJQkFKckNldXhGamNPcXkvTWlOY0c2NFU2RDI2QjIKMDFDV2JhME1DRXRqeFIwUSsrTG9OYzJrRUNLREpvYnBuSWtRKzROVVBldGFtVG5kbVg4TzZxZmZuVFlheHlEUgpxcHNxdmYyRXhoWmc4OUU0NFNNUjlaSHlHVmFTOWxtM1Z1bVVBMFpxOHd3NWhGQ05ZcksrM0F1K2hueHZ5SVNVCmpjZ1k5K0c1cXB6ZHBuK2pGZUkvK0lWaHB3NTVMdGdTUXUxVG5tK2w2YVFVTXFoUTNEeEVXOG82UnpYREpaYjIKcittYlorUVBmOUhFNnZTK3k5SHZtSEJlbFAzTWhBZmo0b0xwK0NkMUVBVlBzU3FjTVRzc3BUZ04yR00rU29icgo0ajBhSjdXYWFUWXlUdXVHSkl5OENad0laUVIwSDZSZ09hNWtUZWd6dHpzUWcwUjdnYTE2MTk5c0J1WThQVkYvCjltaDlRN2hxbnJtdjZZc2hFRklxVUNXK0FjaEV3R3BGUXQwTksvSSs4U2s2MXlPY2JwMkdhTkJDUmVlS3QrY2wKV1JLemFDRkRYNDViSVFlKzJja3RydThZc1ZmTWVDbER1YWt1cTFZQVZUL01OWERkRE5zQ01FMWFEdzZWclliUgoweXNPSzRQQVcxQkZtMDZPVlozaFB2VXh0eVJHUi9SaHVLOVFhb3IvckljQ0pWWENMQWVUN0ptdExZUm1XczZpCnZkTjhnQlRvaUJoWDdTdEZVWkpJYzV6dW1jQ3BMK1JRcG9xb1BpbzdxWWVQZ2NGeDdrVlNpNDBQbGZ5OTZzcC8KKzZ5TFFXemFvT05PQWFUZmh5aVg2bGZJSnNQVUtnbkQyZm0yWVFwc0JvcEIvNG50K3cxUDRkRnR0SnN0aS9xWQptNWE4QUExN0F6eWxPY2pHCi0tLS0tRU5EIENFUlRJRklDQVRFLS0tLS0K\n    server: https://kamilmnestaks-dd10d2ee.hcp.westeurope.azmk8s.io:443\n  name: kamilm-nest-aks\ncontexts:\n- context:\n    cluster: kamilm-nest-aks\n    user: clusterUser_nestbank-tf-aks-rg_kamilm-nest-aks\n  name: kamilm-nest-aks\ncurrent-context: kamilm-nest-aks\nkind: Config\npreferences: {}\nusers:\n- name: clusterUser_nestbank-tf-aks-rg_kamilm-nest-aks\n  user:\n    client-certificate-data: LS0tLS1CRUdJTiBDRVJUSUZJQ0FURS0tLS0tCk1JSUZIVENDQXdXZ0F3SUJBZ0lRYUg5dWkxaklhVit0UkozMjRLQ1psVEFOQmdrcWhraUc5dzBCQVFzRkFEQU4KTVFzd0NRWURWUVFERXdKallUQWVGdzB5TWpBMU1USXdOVFF4TVRGYUZ3MHlOREExTVRJd05UVXhNVEZhTURBeApGekFWQmdOVkJBb1REbk41YzNSbGJUcHRZWE4wWlhKek1SVXdFd1lEVlFRREV3eHRZWE4wWlhKamJHbGxiblF3CmdnSWlNQTBHQ1NxR1NJYjNEUUVCQVFVQUE0SUNEd0F3Z2dJS0FvSUNBUUN2dE81NzJoemxlc2hNUWZ3czRMUFQKU21rdnNCZW85ZnYxanFPZnFmVDVaSXR4Ymk4SmlDN2FFL29RbHc4ZUV3WC94M0Iyc1JsWHdpSmdVMHA5SEd5eApWOVN0aElBMHNqUmkxYTRKMzVlWXoxVWk5b3QzLy9CS3B4WEJXWUdEMFF0cG1HQTRzMDhVMTJpUktZSzNqMWkrCm5sWE1mNDRJQ1QzeTFkbjBhU1ZVWmtDTzZrUVgrK2Q2S1hLMmtia3hGYk9Kc2V3MXJTQUo3RVF5ZURoYjV5elYKYSs5K1VlT3IydmdsS0ZLelc2UGZ4Q2tIUHU3SVY5OXpDUS94UnBBN3ZlTG52YkNLa090QlMvMkVBd0NDM3RpRApha2svWWxWQk1tQ0hjUHBkR09LNjFEcVdiVUxXbnpUV0g4bVNPSWQvUGRjVVBjTk9DRy9pWFlnOGI5eFRhVzVLCldJVzF5OUVNQUJQQXJOamdaZWJFRzVhNjVocXQ3NGtOaVpTYmFxZ0RTV2ZMcTJWTVRadmZFWjBESDZZdGMvY1YKNHFCK1pwcHF5dnZTakl1UU03Z0FaNWpkYWZmams1cWlDMm1aR2licUFhYjBubHRhZE10eFZpWi9KdFhGeE45cgpFR3A5NVVWTGhTdzlqZ3krOEFPdFVhZkJ5RFdNQUhMMUQ3Zk5xN2xLTGlKY1VFMjBhRVhGbUZ4Wm5VKzU4dEVYCjVrcWFuSkY3STh4ZTdGOHdETUtEKytFNVNSQlF3WEtLeTE2a0tWdnZmQVYzSlJMZTNSVGVFVWFqMENCem5vbEcKekFldU9QcWF6ZzU5S2VMM2JFd040MVpMaCtCaDV4TmVWSlZYQ2xiWTZjOG9MemtUc2RydDAyRkZ4cjY2VmswRAo0MWt6Mk9hbTZtNzU1UlhLWW1hZmZ3SURBUUFCbzFZd1ZEQU9CZ05WSFE4QkFmOEVCQU1DQmFBd0V3WURWUjBsCkJBd3dDZ1lJS3dZQkJRVUhBd0l3REFZRFZSMFRBUUgvQkFJd0FEQWZCZ05WSFNNRUdEQVdnQlNUb3QzRDRDT3YKSHlXUGFBbjRFUjBUYlNZd3Z6QU5CZ2txaGtpRzl3MEJBUXNGQUFPQ0FnRUFKTk9DRjlrL1JDQXlmc1Q2b0NtVgpheExPU1ExeHVMOTA5ei9OQW9FbFQ4MlU1dDhBT09OKzFvN0wzWG5CT1p4Z29vTGRSY0E4bUcyVllYbVpGNGw1Cm1iWWY1VDNVbTFDaE1PcGZ6OFlxR2dqemtYRThRS1hOVlBGMTd1WmdOMzBOT0pmODY1TjVHRmVKbjRzdW43ZVQKTHZRZ3NmNFZUcW1lSml0Sm8xamtxQUxjdnNpK0FMT2ZuZXFVQW5aM3lCUlQwS29oc2tGMHhGSDUrWTNUYU0zNwp0QWRsZmRGa3VQQkJnQnNhVlBnbDk1ejBKS2RQbHhmK3ZQcGFPcHdPek9UZEpMMENncXYxUmRHbElLcWpXOU5NCjAyMTh5RHZ2Kytkb2MzNE0rNXhRdTdaRmM2cnBSUjhRdnQvS1BOc2t3dW5iQmR6S2RhQ0ZaZTFyYW5oNytZYkoKZFl1bnVaWktkbnlLMXhHc21nSlY2SC84NnpEcHJUOHh5Qm4rc0phWUFkbXgxc2VaQTlEbis0T0RSOENhV2tidwptMzNaSU1ZS2l4OUMybDJiT09maEpBUFJzYkFCOWJrRGFlSlg4NmpQeStkRkFUWCtKRW9yTEZvdTVreG1mTWNGCkZHQ0x1YU00dWV0VUVJMHV3dzh6Z0dmWWg3WDFuUUpoVjQrc0lGZTQrcnNRcXBXL3UxSmsyR2MwR3pxVzBMcHIKTUxxNStNTENlZ3NUNmpHMkIrYm03alhIZUxIc3ZtajZPUERuSVdVRW9lOTRQUkplZnlYRUQ1TzZ4WGMrWWRQLwpjMVlIVS9NRTdNSllVK0ZhdDZpMzVoaUY2K3hrZEIzS2Z1VEpMSUJTdFpESG1ObjYreWNlUThxOFFabEdadVBiCnNPcWwzRkJQRFBoelk4SmxSSUVRc21ZPQotLS0tLUVORCBDRVJUSUZJQ0FURS0tLS0tCg==\n    client-key-data: LS0tLS1CRUdJTiBSU0EgUFJJVkFURSBLRVktLS0tLQpNSUlKS1FJQkFBS0NBZ0VBcjdUdWU5b2M1WHJJVEVIOExPQ3owMHBwTDdBWHFQWDc5WTZqbjZuMCtXU0xjVzR2CkNZZ3UyaFA2RUpjUEhoTUYvOGR3ZHJFWlY4SWlZRk5LZlJ4c3NWZlVyWVNBTkxJMFl0V3VDZCtYbU05Vkl2YUwKZC8vd1NxY1Z3Vm1CZzlFTGFaaGdPTE5QRk5kb2tTbUN0NDlZdnA1VnpIK09DQWs5OHRYWjlHa2xWR1pBanVwRQpGL3ZuZWlseXRwRzVNUld6aWJIc05hMGdDZXhFTW5nNFcrY3MxV3Z2ZmxIanE5cjRKU2hTczF1ajM4UXBCejd1CnlGZmZjd2tQOFVhUU83M2k1NzJ3aXBEclFVdjloQU1BZ3Q3WWcycEpQMkpWUVRKZ2gzRDZYUmppdXRRNmxtMUMKMXA4MDFoL0pramlIZnozWEZEM0RUZ2h2NGwySVBHL2NVMmx1U2xpRnRjdlJEQUFUd0t6WTRHWG14QnVXdXVZYQpyZStKRFltVW0ycW9BMGxueTZ0bFRFMmIzeEdkQXgrbUxYUDNGZUtnZm1hYWFzcjcwb3lMa0RPNEFHZVkzV24zCjQ1T2FvZ3RwbVJvbTZnR205SjViV25UTGNWWW1meWJWeGNUZmF4QnFmZVZGUzRVc1BZNE12dkFEclZHbndjZzEKakFCeTlRKzN6YXU1U2k0aVhGQk50R2hGeFpoY1daMVB1ZkxSRitaS21weVJleVBNWHV4Zk1BekNnL3ZoT1VrUQpVTUZ5aXN0ZXBDbGI3M3dGZHlVUzN0MFUzaEZHbzlBZ2M1NkpSc3dIcmpqNm1zNE9mU25pOTJ4TURlTldTNGZnClllY1RYbFNWVndwVzJPblBLQzg1RTdIYTdkTmhSY2ErdWxaTkErTlpNOWptcHVwdStlVVZ5bUptbjM4Q0F3RUEKQVFLQ0FnQkhudjdmS1VkQ0cweHVHUytMczRSWmlpbGFNUE5VQWdEVVZYSkk4T1JVakRGeTZURHZONzJ4VXhkSgpqK212bnAyQlozQm1VVVk5U1hydHZNWE9QYm5vaUI2L0pCV0daV1dKTEFTbkxhY0R1Ty9CTXJJakZnYUN4NXpNCmxZbC9pOFNWSkhHRWEwSy9BaGN6cExJTjFMYWQ3TGlZaFI0R0ZJNVYzK25hQU1vZ254V05xOXhaMG1yR2x3S1YKZk16NlB4aFI5bDZNZXFkbXBCSWdhSFRBc1hqSy9oWS9iVzNhYllWYzBCVDEyMUx2TVd4djhhMHZxUElDV0IxUgpnaXZremtBaHFtYTk5TmlRWTBOUmZrL0ZDTVZFdkJ4alk5ZlFuWkpQWXpRS29zdzR6NjJhQjZ1SkJKaHE5OFlZCmZrWnREVzRRYUNTbU9EWXpGV0VsRVl2RHpHUVI2UDcyWDYzcCszRUdNWHQrSENzS25jZFhUSTFhck4wRkxVamwKRzVZR0IzdFAxczhxV1Zobm8rRkxCQzZDak5NU2JqOS83MnB6Q2NWdUJLK1R2bnJyRFlZVGpDMSs5aHY4TFowOQp5c2xXdHVxTWk3bXVmdWh2SlkvS2l6UzVDclNTUkh5eGdqL1dhRDZqRHBzQ0FqbnJXWmUvOFRXTWpyS0hIWUQrCnJIOE96WmlkSmgxZTdMSHdjTFpzVS9aRzZGN3c3OTRkM2tzcDl4SDJ0NzN0UDl3aGluMUM5NHloSWFNT0NJUmUKdldqOVNmY3d0SXo1bnJLRzd4SnV6ZkpXdm4rL2ZZbjNkL0t6dEJlbG9rUFFYd2duUTlUWk14TXJlK0JkSE9JZgpNUHRxc0tDQWpPaXlIbGlmd2s4TEJtY1FiQ3NzVzlEc0ROcmVRd0NwcXlmcEJ4UGs0UUtDQVFFQXpBTy9sS0Y4CmdHcTVKWDNjQ0ZRanBaN3IvUVlBQzJieTBueTVicy84UHhYMDZDcjIxMU12dWN1OG1jNHhTLzRuZ1dHMS9PNWoKd05HTDBuWDc1c05OWmxBc01WOHNBUHJsaXFKMnlWWE1vWmF6ZEJYVXRLd0J3alJvMU03MGplSk1sNm5TUjYwNQp6SmNEWndVc2hIRUg4WUVzS0xFc3dTSC9FeXlUK1FKRHZJL0NzRm5WRVZGT3NtaGhRNHhzb2VUS0xJODdsK2MzCmlUbVNDbSt1RExFVHNKTUZiekZENmgwUUtkZm43Vk10TjdjUDJOTWM1bG4xR3k2ckE3L09WVFB0dU15ZXlDSDgKWWM1amhTYU5KSm9DdWovWk5rSXZab09KdHBQSkNIWEhrcUxkSjFWTktzZnFCeEZtZXByMStXWXRVc0xuRDN3ZwozVWRReHhLYXI3bnNDUUtDQVFFQTNIcWJxMWtZc2VkaFBXV2pqN2dXdWVsc1pmcXRyYURLaFpZOWhCQ1hDZ0FMCmhvQWJKM3hBU3VqcTd3TVFKeE5BMGJzbUx1TGdUWnNSOFZNVUxPeFVBNkZycFdrMmZtQW85NWZsUlpNakFmSkkKdTZtYTUzRkdLUWRoTEZXTWVNNzFRVE5OV1NpWDlYR3VVeUUvbklFWUVjb213Z1ZOeU9YL1VlMWZad2Z6WGdLQQp6RUpubHdtbXNTUjRJR1N3dmpWOFovV3lIalFWaTdPSnNJQVdJdHc5V0ZTbHhCQjBHdHFYQlJiM1p1aytSOTNWCjFKNDVvNm5SUnFlQnovTmF4NzlhNXhpK1diRW8wQkt5MW9qVldpK0ZPcERqWEVvMDQwNXlKazE5VjI0bTB6MzkKdlhUUVZLUTNIWnM5UVI1UTVTejdCelpXVUgwNERBMjQvUWdtQjJFaFJ3S0NBUUVBc1JBRHd3eVFrS2VQZnZHSAorUmFGUmFYekxNdDdXR29HRHhhK25XVVhpTzBXZkRWbHZLWHZBdkxIQWpvSllPbjVBWHA3UjBUakFLTWRGaERlCkNuNndlejdUekJuTWlDRTQvU1Jac2cyc0p3WXpRMm43REw5SVczTy9GQXQyQm5wRWZWQ2ZOeVFweU4yN3p6cVgKVTI4Q05PRW1JVDc4RjdiWXVaeHo1S2JKZ1NySUR1UTRYdXBSUWRnRHFtdUNrTk9QZ0RManhzZWUxSk5KbzVNZgozTllHdjdZcC9rSWtybGlCQWIvb0EzcXdBTzM1YS9aMTI1cHhkeUQrdmFkSGZYMHZNYmN0aTRhcmszdGJ0bUVxCkdIMHVKdFZwUUlVYXZIOG5FM1dhQWFTdkRCNGJrSnFnK2FNK0F0cGdOY0t0L3NGbVRyRG5kdklGVitjZ1BWWngKT0ZoRmVRS0NBUUVBbW9pNWVaVWVVUHViVlh4YTh3NFZwOE1yUGlOQS9uUzMzb0FhcCtrMDVFWjV6WkVXOTBzSQppVGpPQ2k2OGNKYjNGTW0zRHAvb2xaeCtMQWFPR3BxZW5GalU2WUJnT0ozUHVSTFhHVGZ6RHBjeVVZNmtTMXBDCjBka2hUQUMrVDZMSGxpYU9MVkxkaDZSaGlsVEFrRUtQaTFDRWIvTmx2TTB3Y3MwTTFGdG5RZHBCU21tMHo5RnMKNjdaakdGbGE1RWI2NXFiNGJHRVhSTzdYTUVYbXZoSmVVUDRybmN2bWhUZjNLQk1iM3g3V2oycTJTS3VLUE9OMwpFcTJ2dUFDYS9XeHJHNVZsUGRxRmY2bkxmY0Uwd1Z5VFppUk5wODgvV0o4UU5UYVZCdVhuQXFMdHFaQXB3Vm5FClk5VCtUeGtmbkRJMTFLMUtQR280RVlMQXlXR2Z2Z1pmV3dLQ0FRQWk3aVNkWFh3Qi90S3VUUXpXTlNWaStmM20KbnpIR2ZFUXFKZTllaTE4a3pSVjdRR1ZscTZqdEcxNy96Z3AvUHZZdElnem16eHIxYnFqVkZ4eldmSWJJZEh3Zgp5YUR2djZjcGh5Vnl2STgzRUw1WDBhZ3FCN0I4elFOdFM1c2JqaDlMZWNmTk5IeWlSWkF1YzdVYUIzUnhVRFVpCm1kSHQ1K1NQdjBjMVhURjI0MDNEd2ZjbUZubjlUV2JuUmo0ZFNSWlUvTnltRFhMa3JEaDJhNWExcVlNQnNGc3gKZ1dMK0xNdDBkekhqb1F5dElzUkxEQzFzV2VRQ2tUSU5xQng5c0V2WlcyTDBFcFNEbFA1N0YydHp6bmkyTWh4aQpid2U4ZlJwMTlNcHBOV0IwWVFuYXNXMXUzZktBUVM1dkJUeXc3ZlJnQWVPalg0OVFab015RjBJRXhvc0kKLS0tLS1FTkQgUlNBIFBSSVZBVEUgS0VZLS0tLS0K\n    token: 08b725995802d90ac2cad5aba5a5e439e399313902eb09c0e8561b81ca0d8f3ec3da2a262696350f2435f9a383fa490c6f7ccfbd81e8748c97723c0ab76a93f5\n",
            "kubelet_identity": [
              {
                "client_id": "56a9337c-7910-4667-b918-1f72c0762804",
                "object_id": "1a27ad12-ede8-4f51-adc7-f90c7e1f43a8",
                "user_assigned_identity_id": "/subscriptions/58ac7037-efcc-4fb6-800d-da6ca2ee6aed/resourceGroups/MC_nestbank-tf-aks-rg_kamilm-nest-aks_westeurope/providers/Microsoft.ManagedIdentity/userAssignedIdentities/kamilm-nest-aks-agentpool"
              }
            ],
            "kubernetes_version": "1.22.6",
            "linux_profile": [],
            "local_account_disabled": false,
            "location": "westeurope",
            "maintenance_window": [],
            "microsoft_defender": [],
            "name": "kamilm-nest-aks",
            "network_profile": [
              {
                "dns_service_ip": "10.0.4.10",
                "docker_bridge_cidr": "172.17.0.1/16",
                "ip_versions": [
                  "IPv4"
                ],
                "load_balancer_profile": [
                  {
                    "effective_outbound_ips": [
                      "/subscriptions/58ac7037-efcc-4fb6-800d-da6ca2ee6aed/resourceGroups/MC_nestbank-tf-aks-rg_kamilm-nest-aks_westeurope/providers/Microsoft.Network/publicIPAddresses/5b57688f-0812-4e24-8286-3b52f20c0c4d"
                    ],
                    "idle_timeout_in_minutes": 0,
                    "managed_outbound_ip_count": 1,
                    "outbound_ip_address_ids": [],
                    "outbound_ip_prefix_ids": [],
                    "outbound_ports_allocated": 0
                  }
                ],
                "load_balancer_sku": "standard",
                "nat_gateway_profile": [],
                "network_mode": "",
                "network_plugin": "azure",
                "network_policy": "",
                "outbound_type": "loadBalancer",
                "pod_cidr": "",
                "service_cidr": "10.0.4.0/24"
              }
            ],
            "node_resource_group": "MC_nestbank-tf-aks-rg_kamilm-nest-aks_westeurope",
            "oidc_issuer_enabled": false,
            "oidc_issuer_url": "",
            "oms_agent": [],
            "open_service_mesh_enabled": false,
            "portal_fqdn": "kamilmnestaks-dd10d2ee.portal.hcp.westeurope.azmk8s.io",
            "private_cluster_enabled": false,
            "private_cluster_public_fqdn_enabled": false,
            "private_dns_zone_id": "",
            "private_fqdn": "",
            "public_network_access_enabled": true,
            "resource_group_name": "nestbank-tf-aks-rg",
            "role_based_access_control_enabled": true,
            "run_command_enabled": true,
            "service_principal": [],
            "sku_tier": "Free",
            "tags": null,
            "timeouts": null,
            "windows_profile": [
              {
                "admin_password": "",
                "admin_username": "azureuser",
                "license": ""
              }
            ]
          },
          "sensitive_attributes": [],
          "private": "eyJlMmJmYjczMC1lY2FhLTExZTYtOGY4OC0zNDM2M2JjN2M0YzAiOnsiY3JlYXRlIjo1NDAwMDAwMDAwMDAwLCJkZWxldGUiOjU0MDAwMDAwMDAwMDAsInJlYWQiOjMwMDAwMDAwMDAwMCwidXBkYXRlIjo1NDAwMDAwMDAwMDAwfSwic2NoZW1hX3ZlcnNpb24iOiIyIn0=",
          "dependencies": [
            "azurerm_resource_group.training",
            "azurerm_subnet.vnet"
          ]
        }
      ]
    },
    {
      "mode": "managed",
      "type": "azurerm_resource_group",
      "name": "training",
      "provider": "provider[\"registry.terraform.io/hashicorp/azurerm\"]",
      "instances": [
        {
          "schema_version": 0,
          "attributes": {
            "id": "/subscriptions/58ac7037-efcc-4fb6-800d-da6ca2ee6aed/resourceGroups/nestbank-tf-aks-rg",
            "location": "westeurope",
            "name": "nestbank-tf-aks-rg",
            "tags": {},
            "timeouts": null
          },
          "sensitive_attributes": [],
          "private": "eyJlMmJmYjczMC1lY2FhLTExZTYtOGY4OC0zNDM2M2JjN2M0YzAiOnsiY3JlYXRlIjo1NDAwMDAwMDAwMDAwLCJkZWxldGUiOjU0MDAwMDAwMDAwMDAsInJlYWQiOjMwMDAwMDAwMDAwMCwidXBkYXRlIjo1NDAwMDAwMDAwMDAwfX0="
        }
      ]
    },
    {
      "mode": "managed",
      "type": "azurerm_role_assignment",
      "name": "training",
      "provider": "provider[\"registry.terraform.io/hashicorp/azurerm\"]",
      "instances": [
        {
          "schema_version": 0,
          "attributes": {
            "condition": "",
            "condition_version": "",
            "delegated_managed_identity_resource_id": "",
            "description": "",
            "id": "/subscriptions/58ac7037-efcc-4fb6-800d-da6ca2ee6aed/resourceGroups/nestbank-tf-aks-rg/providers/Microsoft.ContainerRegistry/registries/kamilmnestacr/providers/Microsoft.Authorization/roleAssignments/a1827755-1e71-957b-5d22-64bdcdd3355e",
            "name": "a1827755-1e71-957b-5d22-64bdcdd3355e",
            "principal_id": "1a27ad12-ede8-4f51-adc7-f90c7e1f43a8",
            "principal_type": "ServicePrincipal",
            "role_definition_id": "/subscriptions/58ac7037-efcc-4fb6-800d-da6ca2ee6aed/providers/Microsoft.Authorization/roleDefinitions/7f951dda-4ed3-4680-a7ca-43fe172d538d",
            "role_definition_name": "AcrPull",
            "scope": "/subscriptions/58ac7037-efcc-4fb6-800d-da6ca2ee6aed/resourceGroups/nestbank-tf-aks-rg/providers/Microsoft.ContainerRegistry/registries/kamilmnestacr",
            "skip_service_principal_aad_check": true,
            "timeouts": null
          },
          "sensitive_attributes": [],
          "private": "eyJlMmJmYjczMC1lY2FhLTExZTYtOGY4OC0zNDM2M2JjN2M0YzAiOnsiY3JlYXRlIjoxODAwMDAwMDAwMDAwLCJkZWxldGUiOjE4MDAwMDAwMDAwMDAsInJlYWQiOjMwMDAwMDAwMDAwMCwidXBkYXRlIjoxODAwMDAwMDAwMDAwfX0=",
          "dependencies": [
            "azurerm_container_registry.training",
            "azurerm_kubernetes_cluster.example",
            "azurerm_resource_group.training",
            "azurerm_subnet.vnet"
          ]
        }
      ]
    },
    {
      "mode": "managed",
      "type": "azurerm_storage_account",
      "name": "name",
      "provider": "provider[\"registry.terraform.io/hashicorp/azurerm\"]",
      "instances": [
        {
          "schema_version": 3,
          "attributes": {
            "access_tier": "Hot",
            "account_kind": "StorageV2",
            "account_replication_type": "LRS",
            "account_tier": "Standard",
            "allow_nested_items_to_be_public": true,
            "azure_files_authentication": [],
            "blob_properties": [
              {
                "change_feed_enabled": false,
                "container_delete_retention_policy": [],
                "cors_rule": [],
                "default_service_version": "",
                "delete_retention_policy": [],
                "last_access_time_enabled": false,
                "versioning_enabled": false
              }
            ],
            "cross_tenant_replication_enabled": true,
            "custom_domain": [],
            "customer_managed_key": [],
            "edge_zone": "",
            "enable_https_traffic_only": true,
            "id": "/subscriptions/58ac7037-efcc-4fb6-800d-da6ca2ee6aed/resourceGroups/nestbank-tf-aks-rg/providers/Microsoft.Storage/storageAccounts/kamilaksnest",
            "identity": [],
            "infrastructure_encryption_enabled": false,
            "is_hns_enabled": false,
            "large_file_share_enabled": null,
            "location": "westeurope",
            "min_tls_version": "TLS1_2",
            "name": "kamilaksnest",
            "network_rules": [
              {
                "bypass": [
                  "AzureServices"
                ],
                "default_action": "Allow",
                "ip_rules": [],
                "private_link_access": [],
                "virtual_network_subnet_ids": []
              }
            ],
            "nfsv3_enabled": false,
            "primary_access_key": "GEnplhqkjJ8TLa7X+jTxl4h4k1dQTUDiPMC6eUk0k5Hy9FHCO5PNvYE6lWjHZQoUyRbDkuhZ0v960mhSAEbbJA==",
            "primary_blob_connection_string": "DefaultEndpointsProtocol=https;BlobEndpoint=https://kamilaksnest.blob.core.windows.net/;AccountName=kamilaksnest;AccountKey=GEnplhqkjJ8TLa7X+jTxl4h4k1dQTUDiPMC6eUk0k5Hy9FHCO5PNvYE6lWjHZQoUyRbDkuhZ0v960mhSAEbbJA==",
            "primary_blob_endpoint": "https://kamilaksnest.blob.core.windows.net/",
            "primary_blob_host": "kamilaksnest.blob.core.windows.net",
            "primary_connection_string": "DefaultEndpointsProtocol=https;AccountName=kamilaksnest;AccountKey=GEnplhqkjJ8TLa7X+jTxl4h4k1dQTUDiPMC6eUk0k5Hy9FHCO5PNvYE6lWjHZQoUyRbDkuhZ0v960mhSAEbbJA==;EndpointSuffix=core.windows.net",
            "primary_dfs_endpoint": "https://kamilaksnest.dfs.core.windows.net/",
            "primary_dfs_host": "kamilaksnest.dfs.core.windows.net",
            "primary_file_endpoint": "https://kamilaksnest.file.core.windows.net/",
            "primary_file_host": "kamilaksnest.file.core.windows.net",
            "primary_location": "westeurope",
            "primary_queue_endpoint": "https://kamilaksnest.queue.core.windows.net/",
            "primary_queue_host": "kamilaksnest.queue.core.windows.net",
            "primary_table_endpoint": "https://kamilaksnest.table.core.windows.net/",
            "primary_table_host": "kamilaksnest.table.core.windows.net",
            "primary_web_endpoint": "https://kamilaksnest.z6.web.core.windows.net/",
            "primary_web_host": "kamilaksnest.z6.web.core.windows.net",
            "queue_encryption_key_type": "Service",
            "queue_properties": [
              {
                "cors_rule": [],
                "hour_metrics": [
                  {
                    "enabled": true,
                    "include_apis": true,
                    "retention_policy_days": 7,
                    "version": "1.0"
                  }
                ],
                "logging": [
                  {
                    "delete": false,
                    "read": false,
                    "retention_policy_days": 0,
                    "version": "1.0",
                    "write": false
                  }
                ],
                "minute_metrics": [
                  {
                    "enabled": false,
                    "include_apis": false,
                    "retention_policy_days": 0,
                    "version": "1.0"
                  }
                ]
              }
            ],
            "resource_group_name": "nestbank-tf-aks-rg",
            "routing": [],
            "secondary_access_key": "7f784vJ3xrvrZZy6e5rc8d0JcBdo0fALKQvWyMWLEDJ9iawBV/JIijzVjGUOfAgO6utBVTCYIYUAT6c+OHfigg==",
            "secondary_blob_connection_string": "",
            "secondary_blob_endpoint": null,
            "secondary_blob_host": null,
            "secondary_connection_string": "DefaultEndpointsProtocol=https;AccountName=kamilaksnest;AccountKey=7f784vJ3xrvrZZy6e5rc8d0JcBdo0fALKQvWyMWLEDJ9iawBV/JIijzVjGUOfAgO6utBVTCYIYUAT6c+OHfigg==;EndpointSuffix=core.windows.net",
            "secondary_dfs_endpoint": null,
            "secondary_dfs_host": null,
            "secondary_file_endpoint": null,
            "secondary_file_host": null,
            "secondary_location": "",
            "secondary_queue_endpoint": null,
            "secondary_queue_host": null,
            "secondary_table_endpoint": null,
            "secondary_table_host": null,
            "secondary_web_endpoint": null,
            "secondary_web_host": null,
            "share_properties": [
              {
                "cors_rule": [],
                "retention_policy": [
                  {
                    "days": 7
                  }
                ],
                "smb": []
              }
            ],
            "shared_access_key_enabled": true,
            "static_website": [],
            "table_encryption_key_type": "Service",
            "tags": {},
            "timeouts": null
          },
          "sensitive_attributes": [],
          "private": "eyJlMmJmYjczMC1lY2FhLTExZTYtOGY4OC0zNDM2M2JjN2M0YzAiOnsiY3JlYXRlIjozNjAwMDAwMDAwMDAwLCJkZWxldGUiOjM2MDAwMDAwMDAwMDAsInJlYWQiOjMwMDAwMDAwMDAwMCwidXBkYXRlIjozNjAwMDAwMDAwMDAwfSwic2NoZW1hX3ZlcnNpb24iOiIzIn0=",
          "dependencies": [
            "azurerm_resource_group.training"
          ]
        }
      ]
    },
    {
      "mode": "managed",
      "type": "azurerm_subnet",
      "name": "vnet",
      "provider": "provider[\"registry.terraform.io/hashicorp/azurerm\"]",
      "instances": [
        {
          "schema_version": 0,
          "attributes": {
            "address_prefixes": [
              "10.0.1.0/24"
            ],
            "delegation": [],
            "enforce_private_link_endpoint_network_policies": false,
            "enforce_private_link_service_network_policies": false,
            "id": "/subscriptions/58ac7037-efcc-4fb6-800d-da6ca2ee6aed/resourceGroups/nestbank-tf-aks-rg/providers/Microsoft.Network/virtualNetworks/nest-vnet/subnets/aks",
            "name": "aks",
            "resource_group_name": "nestbank-tf-aks-rg",
            "service_endpoint_policy_ids": [],
            "service_endpoints": [],
            "timeouts": null,
            "virtual_network_name": "nest-vnet"
          },
          "sensitive_attributes": [],
          "private": "eyJlMmJmYjczMC1lY2FhLTExZTYtOGY4OC0zNDM2M2JjN2M0YzAiOnsiY3JlYXRlIjoxODAwMDAwMDAwMDAwLCJkZWxldGUiOjE4MDAwMDAwMDAwMDAsInJlYWQiOjMwMDAwMDAwMDAwMCwidXBkYXRlIjoxODAwMDAwMDAwMDAwfX0=",
          "dependencies": [
            "azurerm_resource_group.training",
            "azurerm_virtual_network.vnet"
          ]
        }
      ]
    },
    {
      "mode": "managed",
      "type": "azurerm_user_assigned_identity",
      "name": "identity",
      "provider": "provider[\"registry.terraform.io/hashicorp/azurerm\"]",
      "instances": [
        {
          "schema_version": 1,
          "attributes": {
            "client_id": "5e45016a-94a9-4289-82f5-d77371052758",
            "id": "/subscriptions/58ac7037-efcc-4fb6-800d-da6ca2ee6aed/resourceGroups/MC_nestbank-tf-aks-rg_kamilm-nest-aks_westeurope/providers/Microsoft.ManagedIdentity/userAssignedIdentities/nest-app-mi",
            "location": "westeurope",
            "name": "nest-app-mi",
            "principal_id": "52c49ad7-5c6e-426f-821c-a01dd42d8efd",
            "resource_group_name": "MC_nestbank-tf-aks-rg_kamilm-nest-aks_westeurope",
            "tags": null,
            "tenant_id": "c2d4fe14-0652-4dac-b415-5a65748fd6c9",
            "timeouts": null
          },
          "sensitive_attributes": [],
          "private": "eyJlMmJmYjczMC1lY2FhLTExZTYtOGY4OC0zNDM2M2JjN2M0YzAiOnsiY3JlYXRlIjoxODAwMDAwMDAwMDAwLCJkZWxldGUiOjE4MDAwMDAwMDAwMDAsInJlYWQiOjMwMDAwMDAwMDAwMCwidXBkYXRlIjoxODAwMDAwMDAwMDAwfSwic2NoZW1hX3ZlcnNpb24iOiIxIn0=",
          "dependencies": [
            "azurerm_kubernetes_cluster.example",
            "azurerm_resource_group.training",
            "azurerm_subnet.vnet"
          ]
        }
      ]
    },
    {
      "mode": "managed",
      "type": "azurerm_virtual_network",
      "name": "vnet",
      "provider": "provider[\"registry.terraform.io/hashicorp/azurerm\"]",
      "instances": [
        {
          "schema_version": 0,
          "attributes": {
            "address_space": [
              "10.0.0.0/16"
            ],
            "bgp_community": "",
            "ddos_protection_plan": [],
            "dns_servers": [],
            "edge_zone": "",
            "flow_timeout_in_minutes": 0,
            "guid": "b9fa6701-6702-49b3-af5a-e077bc8d65e5",
            "id": "/subscriptions/58ac7037-efcc-4fb6-800d-da6ca2ee6aed/resourceGroups/nestbank-tf-aks-rg/providers/Microsoft.Network/virtualNetworks/nest-vnet",
            "location": "westeurope",
            "name": "nest-vnet",
            "resource_group_name": "nestbank-tf-aks-rg",
            "subnet": [
              {
                "address_prefix": "10.0.1.0/24",
                "id": "/subscriptions/58ac7037-efcc-4fb6-800d-da6ca2ee6aed/resourceGroups/nestbank-tf-aks-rg/providers/Microsoft.Network/virtualNetworks/nest-vnet/subnets/aks",
                "name": "aks",
                "security_group": ""
              }
            ],
            "tags": {},
            "timeouts": null
          },
          "sensitive_attributes": [],
          "private": "eyJlMmJmYjczMC1lY2FhLTExZTYtOGY4OC0zNDM2M2JjN2M0YzAiOnsiY3JlYXRlIjoxODAwMDAwMDAwMDAwLCJkZWxldGUiOjE4MDAwMDAwMDAwMDAsInJlYWQiOjMwMDAwMDAwMDAwMCwidXBkYXRlIjoxODAwMDAwMDAwMDAwfX0=",
          "dependencies": [
            "azurerm_resource_group.training"
          ]
        }
      ]
    }
  ]
}
